{
  "object": {
    "pins": [
      {
        "package": "BIP39",
        "repositoryURL": "https://github.com/bitmark-inc/bip39-swift",
        "state": {
          "branch": "master",
          "revision": "55e842d8cf7c307644738e4f53ef85c657a18e4b",
          "version": null
        }
      },
      {
        "package": "tinysha3-spm",
        "repositoryURL": "https://github.com/autonomy-system/tinysha3-spm.git",
        "state": {
          "branch": "update-name",
          "revision": "4e543257bca5f51cd62057801697bd47283927bf",
          "version": null
        }
      },
      {
        "package": "TweetNacl",
        "repositoryURL": "https://github.com/bitmark-inc/tweetnacl-swiftwrap",
        "state": {
          "branch": "master",
          "revision": "0433254285de5d89031eb6637cb77b5a00718973",
          "version": null
        }
      }
    ]
  },
  "version": 1
}
