// !$*UTF8*$!
{
	archiveVersion = 1;
	classes = {
	};
	objectVersion = 46;
	objects = {

/* Begin PBXBuildFile section */
		580B61911E077DC5008BEBFF /* Data+Extension.swift in Sources */ = {isa = PBXBuildFile; fileRef = 580B61901E077DC5008BEBFF /* Data+Extension.swift */; };
		580B61931E07C917008BEBFF /* PrivateKey.swift in Sources */ = {isa = PBXBuildFile; fileRef = 580B61921E07C917008BEBFF /* PrivateKey.swift */; };
		580B61951E07CF16008BEBFF /* BigInt+Extension.swift in Sources */ = {isa = PBXBuildFile; fileRef = 580B61941E07CF16008BEBFF /* BigInt+Extension.swift */; };
		580B88E41E08D5DE0018F6A5 /* BigInt.framework in Frameworks */ = {isa = PBXBuildFile; fileRef = 580B88E31E08D5DE0018F6A5 /* BigInt.framework */; };
		580B88E61E08D5F50018F6A5 /* TweetNaclSwift_iOS.framework in Frameworks */ = {isa = PBXBuildFile; fileRef = 580B88E51E08D5F50018F6A5 /* TweetNaclSwift_iOS.framework */; };
		580B88E81E08DFBB0018F6A5 /* Ed25519.swift in Sources */ = {isa = PBXBuildFile; fileRef = 580B88E71E08DFBB0018F6A5 /* Ed25519.swift */; };
		580B88EA1E090A120018F6A5 /* Address_Tests.swift in Sources */ = {isa = PBXBuildFile; fileRef = 580B88E91E090A120018F6A5 /* Address_Tests.swift */; };
		580B88EC1E090FA80018F6A5 /* BitmarkError.swift in Sources */ = {isa = PBXBuildFile; fileRef = 580B88EB1E090FA80018F6A5 /* BitmarkError.swift */; };
		580BF47C1E14FA39003795E7 /* PollHelper.swift in Sources */ = {isa = PBXBuildFile; fileRef = 580BF47B1E14FA39003795E7 /* PollHelper.swift */; };
		580BF47E1E14FB37003795E7 /* RPCNode.swift in Sources */ = {isa = PBXBuildFile; fileRef = 580BF47D1E14FB37003795E7 /* RPCNode.swift */; };
		58124E4D1E04E0090044E30F /* CryptoSwift.framework in Frameworks */ = {isa = PBXBuildFile; fileRef = 58124E4C1E04E0090044E30F /* CryptoSwift.framework */; };
		5812655A1E0B704800D6DF32 /* Asset.swift in Sources */ = {isa = PBXBuildFile; fileRef = 581265591E0B704800D6DF32 /* Asset.swift */; };
		5812655C1E0BAB2100D6DF32 /* BinaryPacking.swift in Sources */ = {isa = PBXBuildFile; fileRef = 5812655B1E0BAB2100D6DF32 /* BinaryPacking.swift */; };
		5812655E1E0BC1BC00D6DF32 /* Asset_Tests.swift in Sources */ = {isa = PBXBuildFile; fileRef = 5812655D1E0BC1BC00D6DF32 /* Asset_Tests.swift */; };
		5818FE2B1E0391CF007F082D /* Base58.swift in Sources */ = {isa = PBXBuildFile; fileRef = 5818FE2A1E0391CF007F082D /* Base58.swift */; };
		5818FE341E039820007F082D /* Varint.swift in Sources */ = {isa = PBXBuildFile; fileRef = 5818FE331E039820007F082D /* Varint.swift */; };
		5818FE361E03A64B007F082D /* Address.swift in Sources */ = {isa = PBXBuildFile; fileRef = 5818FE351E03A64B007F082D /* Address.swift */; };
		5818FE381E03A840007F082D /* Config.swift in Sources */ = {isa = PBXBuildFile; fileRef = 5818FE371E03A840007F082D /* Config.swift */; };
		5818FE3A1E03BDB6007F082D /* Common.swift in Sources */ = {isa = PBXBuildFile; fileRef = 5818FE391E03BDB6007F082D /* Common.swift */; };
		582D59D11E0EB86600144ED5 /* Result.swift in Sources */ = {isa = PBXBuildFile; fileRef = 582D59D01E0EB86600144ED5 /* Result.swift */; };
		5837980D1E15FD4100D136CF /* Job.swift in Sources */ = {isa = PBXBuildFile; fileRef = 5837980C1E15FD4100D136CF /* Job.swift */; };
		584C23701E13B46D0047AC97 /* RPCTransformable.swift in Sources */ = {isa = PBXBuildFile; fileRef = 584C236F1E13B46D0047AC97 /* RPCTransformable.swift */; };
		584C23721E13C4B00047AC97 /* Array+Extension.swift in Sources */ = {isa = PBXBuildFile; fileRef = 584C23711E13C4B00047AC97 /* Array+Extension.swift */; };
		585591591E1226270090D3C0 /* Connection+SupportedMethods.swift in Sources */ = {isa = PBXBuildFile; fileRef = 585591581E1226270090D3C0 /* Connection+SupportedMethods.swift */; };
		5855915D1E12532F0090D3C0 /* SwiftSocket.framework in Frameworks */ = {isa = PBXBuildFile; fileRef = 5855915C1E12532F0090D3C0 /* SwiftSocket.framework */; };
		5855915F1E125A760090D3C0 /* CocoaAsyncSocket.framework in Frameworks */ = {isa = PBXBuildFile; fileRef = 5855915E1E125A760090D3C0 /* CocoaAsyncSocket.framework */; };
		5865BD431E0250C200B25AB3 /* BitmarkLib.framework in Frameworks */ = {isa = PBXBuildFile; fileRef = 5865BD391E0250C200B25AB3 /* BitmarkLib.framework */; };
		5865BD4A1E0250C200B25AB3 /* BitmarkLib.h in Headers */ = {isa = PBXBuildFile; fileRef = 5865BD3C1E0250C200B25AB3 /* BitmarkLib.h */; settings = {ATTRIBUTES = (Public, ); }; };
		5869EC361E0F63E400DFE230 /* DNSResolve_Tests.swift in Sources */ = {isa = PBXBuildFile; fileRef = 5869EC351E0F63E400DFE230 /* DNSResolve_Tests.swift */; };
		58C04F6B1E0E69170021A7D1 /* DNSServiceDiscovery.h in Headers */ = {isa = PBXBuildFile; fileRef = 58C04F691E0E69170021A7D1 /* DNSServiceDiscovery.h */; settings = {ATTRIBUTES = (Public, ); }; };
		58C04F741E0E69AD0021A7D1 /* DNSServiceDiscovery.framework in Frameworks */ = {isa = PBXBuildFile; fileRef = 58C04F671E0E69170021A7D1 /* DNSServiceDiscovery.framework */; };
		58C04F781E0E70110021A7D1 /* DNSResolver.swift in Sources */ = {isa = PBXBuildFile; fileRef = 58C04F771E0E70110021A7D1 /* DNSResolver.swift */; };
		58C04F7A1E0E70E00021A7D1 /* TxtRecord.swift in Sources */ = {isa = PBXBuildFile; fileRef = 58C04F791E0E70E00021A7D1 /* TxtRecord.swift */; };
		58C20BF31E1102360084B246 /* Connection.swift in Sources */ = {isa = PBXBuildFile; fileRef = 58C20BF21E1102360084B246 /* Connection.swift */; };
		58C20C161E1104620084B246 /* Pool.swift in Sources */ = {isa = PBXBuildFile; fileRef = 58C20C151E1104620084B246 /* Pool.swift */; };
		58E1631E1E0CB93400DEED99 /* Issue.swift in Sources */ = {isa = PBXBuildFile; fileRef = 58E1631D1E0CB93400DEED99 /* Issue.swift */; };
		58E163201E0CC66000DEED99 /* Transfer.swift in Sources */ = {isa = PBXBuildFile; fileRef = 58E1631F1E0CC66000DEED99 /* Transfer.swift */; };
		58E163221E0CDD9A00DEED99 /* Issue_Tests.swift in Sources */ = {isa = PBXBuildFile; fileRef = 58E163211E0CDD9A00DEED99 /* Issue_Tests.swift */; };
		58E163241E0CF96C00DEED99 /* Transfer_Tests.swift in Sources */ = {isa = PBXBuildFile; fileRef = 58E163231E0CF96C00DEED99 /* Transfer_Tests.swift */; };
		58E2D5B91E0A39AD0014F011 /* ModelEquatable.swift in Sources */ = {isa = PBXBuildFile; fileRef = 58E2D5B81E0A39AD0014F011 /* ModelEquatable.swift */; };
		58E2D5BB1E0A60300014F011 /* PrivateKey_Tests.swift in Sources */ = {isa = PBXBuildFile; fileRef = 58E2D5BA1E0A60300014F011 /* PrivateKey_Tests.swift */; };
/* End PBXBuildFile section */

/* Begin PBXContainerItemProxy section */
		5865BD441E0250C200B25AB3 /* PBXContainerItemProxy */ = {
			isa = PBXContainerItemProxy;
			containerPortal = 5865BD301E0250C200B25AB3 /* Project object */;
			proxyType = 1;
			remoteGlobalIDString = 5865BD381E0250C200B25AB3;
			remoteInfo = BitmarkLib;
		};
/* End PBXContainerItemProxy section */

/* Begin PBXFileReference section */
		580B61901E077DC5008BEBFF /* Data+Extension.swift */ = {isa = PBXFileReference; fileEncoding = 4; lastKnownFileType = sourcecode.swift; path = "Data+Extension.swift"; sourceTree = "<group>"; };
		580B61921E07C917008BEBFF /* PrivateKey.swift */ = {isa = PBXFileReference; fileEncoding = 4; lastKnownFileType = sourcecode.swift; path = PrivateKey.swift; sourceTree = "<group>"; };
		580B61941E07CF16008BEBFF /* BigInt+Extension.swift */ = {isa = PBXFileReference; fileEncoding = 4; lastKnownFileType = sourcecode.swift; path = "BigInt+Extension.swift"; sourceTree = "<group>"; };
		580B88DD1E08D5560018F6A5 /* TweetNaclSwift_iOS.framework */ = {isa = PBXFileReference; lastKnownFileType = wrapper.framework; name = TweetNaclSwift_iOS.framework; path = "Carthage/Checkouts/tweetnacl-swiftwrap/build/Debug-iphoneos/TweetNaclSwift_iOS.framework"; sourceTree = "<group>"; };
		580B88DF1E08D5AB0018F6A5 /* TweetnaclSwift.framework */ = {isa = PBXFileReference; lastKnownFileType = wrapper.framework; name = TweetnaclSwift.framework; path = "Carthage/Checkouts/tweetnacl-swiftwrap/build/Debug/TweetnaclSwift.framework"; sourceTree = "<group>"; };
		580B88E11E08D5C90018F6A5 /* SipHash.framework */ = {isa = PBXFileReference; lastKnownFileType = wrapper.framework; name = SipHash.framework; path = "../../../Library/Developer/Xcode/DerivedData/BitmarkLib-aenhbkmmamshxqggwzsvbvminsxj/Build/Products/Debug-iphonesimulator/SipHash.framework"; sourceTree = "<group>"; };
		580B88E31E08D5DE0018F6A5 /* BigInt.framework */ = {isa = PBXFileReference; lastKnownFileType = wrapper.framework; name = BigInt.framework; path = "../../../Library/Developer/Xcode/DerivedData/BitmarkLib-aenhbkmmamshxqggwzsvbvminsxj/Build/Products/Debug-iphonesimulator/BigInt.framework"; sourceTree = "<group>"; };
		580B88E51E08D5F50018F6A5 /* TweetNaclSwift_iOS.framework */ = {isa = PBXFileReference; lastKnownFileType = wrapper.framework; name = TweetNaclSwift_iOS.framework; path = "Carthage/Checkouts/tweetnacl-swiftwrap/build/Debug-iphoneos/TweetNaclSwift_iOS.framework"; sourceTree = "<group>"; };
		580B88E71E08DFBB0018F6A5 /* Ed25519.swift */ = {isa = PBXFileReference; fileEncoding = 4; lastKnownFileType = sourcecode.swift; path = Ed25519.swift; sourceTree = "<group>"; };
		580B88E91E090A120018F6A5 /* Address_Tests.swift */ = {isa = PBXFileReference; fileEncoding = 4; lastKnownFileType = sourcecode.swift; path = Address_Tests.swift; sourceTree = "<group>"; };
		580B88EB1E090FA80018F6A5 /* BitmarkError.swift */ = {isa = PBXFileReference; fileEncoding = 4; lastKnownFileType = sourcecode.swift; path = BitmarkError.swift; sourceTree = "<group>"; };
		580BF47B1E14FA39003795E7 /* PollHelper.swift */ = {isa = PBXFileReference; fileEncoding = 4; lastKnownFileType = sourcecode.swift; path = PollHelper.swift; sourceTree = "<group>"; };
		580BF47D1E14FB37003795E7 /* RPCNode.swift */ = {isa = PBXFileReference; fileEncoding = 4; lastKnownFileType = sourcecode.swift; path = RPCNode.swift; sourceTree = "<group>"; };
		58124E4C1E04E0090044E30F /* CryptoSwift.framework */ = {isa = PBXFileReference; lastKnownFileType = wrapper.framework; name = CryptoSwift.framework; path = Carthage/Checkouts/CryptoSwift/build/Debug/CryptoSwift.framework; sourceTree = "<group>"; };
		58124E4E1E04E00D0044E30F /* BigInt.framework */ = {isa = PBXFileReference; lastKnownFileType = wrapper.framework; name = BigInt.framework; path = "../../../Library/Developer/Xcode/DerivedData/BitmarkLib-aenhbkmmamshxqggwzsvbvminsxj/Build/Products/Debug-iphoneos/BigInt.framework"; sourceTree = "<group>"; };
		581265591E0B704800D6DF32 /* Asset.swift */ = {isa = PBXFileReference; fileEncoding = 4; lastKnownFileType = sourcecode.swift; path = Asset.swift; sourceTree = "<group>"; };
		5812655B1E0BAB2100D6DF32 /* BinaryPacking.swift */ = {isa = PBXFileReference; fileEncoding = 4; lastKnownFileType = sourcecode.swift; path = BinaryPacking.swift; sourceTree = "<group>"; };
		5812655D1E0BC1BC00D6DF32 /* Asset_Tests.swift */ = {isa = PBXFileReference; fileEncoding = 4; lastKnownFileType = sourcecode.swift; path = Asset_Tests.swift; sourceTree = "<group>"; };
		5818FE2A1E0391CF007F082D /* Base58.swift */ = {isa = PBXFileReference; fileEncoding = 4; lastKnownFileType = sourcecode.swift; path = Base58.swift; sourceTree = "<group>"; };
		5818FE2C1E0391F5007F082D /* SwiftBase58.framework */ = {isa = PBXFileReference; lastKnownFileType = wrapper.framework; name = SwiftBase58.framework; path = Carthage/Checkouts/SwiftBase58/build/Debug/SwiftBase58.framework; sourceTree = "<group>"; };
		5818FE2D1E0391F5007F082D /* SwiftGMP.framework */ = {isa = PBXFileReference; lastKnownFileType = wrapper.framework; name = SwiftGMP.framework; path = Carthage/Checkouts/SwiftGMP/build/Debug/SwiftGMP.framework; sourceTree = "<group>"; };
		5818FE331E039820007F082D /* Varint.swift */ = {isa = PBXFileReference; fileEncoding = 4; lastKnownFileType = sourcecode.swift; path = Varint.swift; sourceTree = "<group>"; };
		5818FE351E03A64B007F082D /* Address.swift */ = {isa = PBXFileReference; fileEncoding = 4; lastKnownFileType = sourcecode.swift; path = Address.swift; sourceTree = "<group>"; };
		5818FE371E03A840007F082D /* Config.swift */ = {isa = PBXFileReference; fileEncoding = 4; lastKnownFileType = sourcecode.swift; path = Config.swift; sourceTree = "<group>"; };
		5818FE391E03BDB6007F082D /* Common.swift */ = {isa = PBXFileReference; fileEncoding = 4; lastKnownFileType = sourcecode.swift; path = Common.swift; sourceTree = "<group>"; };
		5818FE3B1E03C50D007F082D /* CryptoSwift.framework */ = {isa = PBXFileReference; lastKnownFileType = wrapper.framework; name = CryptoSwift.framework; path = Carthage/Checkouts/CryptoSwift/build/Debug/CryptoSwift.framework; sourceTree = "<group>"; };
		582D59D01E0EB86600144ED5 /* Result.swift */ = {isa = PBXFileReference; fileEncoding = 4; lastKnownFileType = sourcecode.swift; path = Result.swift; sourceTree = "<group>"; };
		5837980C1E15FD4100D136CF /* Job.swift */ = {isa = PBXFileReference; fileEncoding = 4; lastKnownFileType = sourcecode.swift; path = Job.swift; sourceTree = "<group>"; };
		584C236F1E13B46D0047AC97 /* RPCTransformable.swift */ = {isa = PBXFileReference; fileEncoding = 4; lastKnownFileType = sourcecode.swift; path = RPCTransformable.swift; sourceTree = "<group>"; };
		584C23711E13C4B00047AC97 /* Array+Extension.swift */ = {isa = PBXFileReference; fileEncoding = 4; lastKnownFileType = sourcecode.swift; path = "Array+Extension.swift"; sourceTree = "<group>"; };
		585591581E1226270090D3C0 /* Connection+SupportedMethods.swift */ = {isa = PBXFileReference; fileEncoding = 4; lastKnownFileType = sourcecode.swift; path = "Connection+SupportedMethods.swift"; sourceTree = "<group>"; };
		5855915A1E1244030090D3C0 /* SwiftWebSocket.framework */ = {isa = PBXFileReference; lastKnownFileType = wrapper.framework; name = SwiftWebSocket.framework; path = "Carthage/Checkouts/SwiftWebSocket/build/Debug-iphoneos/SwiftWebSocket.framework"; sourceTree = "<group>"; };
		5855915C1E12532F0090D3C0 /* SwiftSocket.framework */ = {isa = PBXFileReference; lastKnownFileType = wrapper.framework; name = SwiftSocket.framework; path = "Carthage/Checkouts/SwiftSocket/build/Debug-iphoneos/SwiftSocket.framework"; sourceTree = "<group>"; };
		5855915E1E125A760090D3C0 /* CocoaAsyncSocket.framework */ = {isa = PBXFileReference; lastKnownFileType = wrapper.framework; name = CocoaAsyncSocket.framework; path = "Carthage/Checkouts/CocoaAsyncSocket/build/Debug-iphoneos/CocoaAsyncSocket.framework"; sourceTree = "<group>"; };
		5865BD391E0250C200B25AB3 /* BitmarkLib.framework */ = {isa = PBXFileReference; explicitFileType = wrapper.framework; includeInIndex = 0; path = BitmarkLib.framework; sourceTree = BUILT_PRODUCTS_DIR; };
		5865BD3C1E0250C200B25AB3 /* BitmarkLib.h */ = {isa = PBXFileReference; lastKnownFileType = sourcecode.c.h; path = BitmarkLib.h; sourceTree = "<group>"; };
		5865BD3D1E0250C200B25AB3 /* Info.plist */ = {isa = PBXFileReference; lastKnownFileType = text.plist.xml; path = Info.plist; sourceTree = "<group>"; };
		5865BD421E0250C200B25AB3 /* BitmarkLibTests.xctest */ = {isa = PBXFileReference; explicitFileType = wrapper.cfbundle; includeInIndex = 0; path = BitmarkLibTests.xctest; sourceTree = BUILT_PRODUCTS_DIR; };
		5865BD491E0250C200B25AB3 /* Info.plist */ = {isa = PBXFileReference; lastKnownFileType = text.plist.xml; path = Info.plist; sourceTree = "<group>"; };
		5865BD671E02762A00B25AB3 /* BigInt.framework */ = {isa = PBXFileReference; lastKnownFileType = wrapper.framework; name = BigInt.framework; path = "Carthage/Checkouts/BigInt/build/Debug-iphoneos/BigInt.framework"; sourceTree = "<group>"; };
		5869EC351E0F63E400DFE230 /* DNSResolve_Tests.swift */ = {isa = PBXFileReference; fileEncoding = 4; lastKnownFileType = sourcecode.swift; path = DNSResolve_Tests.swift; sourceTree = "<group>"; };
		58C04F671E0E69170021A7D1 /* DNSServiceDiscovery.framework */ = {isa = PBXFileReference; explicitFileType = wrapper.framework; includeInIndex = 0; path = DNSServiceDiscovery.framework; sourceTree = BUILT_PRODUCTS_DIR; };
		58C04F691E0E69170021A7D1 /* DNSServiceDiscovery.h */ = {isa = PBXFileReference; lastKnownFileType = sourcecode.c.h; path = DNSServiceDiscovery.h; sourceTree = "<group>"; };
		58C04F6A1E0E69170021A7D1 /* Info.plist */ = {isa = PBXFileReference; lastKnownFileType = text.plist.xml; path = Info.plist; sourceTree = "<group>"; };
		58C04F701E0E692B0021A7D1 /* iphoneos.modulemap */ = {isa = PBXFileReference; fileEncoding = 4; lastKnownFileType = "sourcecode.module-map"; path = iphoneos.modulemap; sourceTree = "<group>"; };
		58C04F711E0E692B0021A7D1 /* iphonesimulator.modulemap */ = {isa = PBXFileReference; fileEncoding = 4; lastKnownFileType = "sourcecode.module-map"; path = iphonesimulator.modulemap; sourceTree = "<group>"; };
		58C04F721E0E692B0021A7D1 /* macosx.modulemap */ = {isa = PBXFileReference; fileEncoding = 4; lastKnownFileType = "sourcecode.module-map"; path = macosx.modulemap; sourceTree = "<group>"; };
		58C04F771E0E70110021A7D1 /* DNSResolver.swift */ = {isa = PBXFileReference; fileEncoding = 4; lastKnownFileType = sourcecode.swift; path = DNSResolver.swift; sourceTree = "<group>"; };
		58C04F791E0E70E00021A7D1 /* TxtRecord.swift */ = {isa = PBXFileReference; fileEncoding = 4; lastKnownFileType = sourcecode.swift; path = TxtRecord.swift; sourceTree = "<group>"; };
		58C20BED1E1101F70084B246 /* Starscream.framework */ = {isa = PBXFileReference; lastKnownFileType = wrapper.framework; name = Starscream.framework; path = "Carthage/Checkouts/Starscream/build/Debug-iphoneos/Starscream.framework"; sourceTree = "<group>"; };
		58C20BF21E1102360084B246 /* Connection.swift */ = {isa = PBXFileReference; fileEncoding = 4; lastKnownFileType = sourcecode.swift; path = Connection.swift; sourceTree = "<group>"; };
		58C20C151E1104620084B246 /* Pool.swift */ = {isa = PBXFileReference; fileEncoding = 4; lastKnownFileType = sourcecode.swift; path = Pool.swift; sourceTree = "<group>"; };
		58E1631D1E0CB93400DEED99 /* Issue.swift */ = {isa = PBXFileReference; fileEncoding = 4; lastKnownFileType = sourcecode.swift; path = Issue.swift; sourceTree = "<group>"; };
		58E1631F1E0CC66000DEED99 /* Transfer.swift */ = {isa = PBXFileReference; fileEncoding = 4; lastKnownFileType = sourcecode.swift; path = Transfer.swift; sourceTree = "<group>"; };
		58E163211E0CDD9A00DEED99 /* Issue_Tests.swift */ = {isa = PBXFileReference; fileEncoding = 4; lastKnownFileType = sourcecode.swift; path = Issue_Tests.swift; sourceTree = "<group>"; };
		58E163231E0CF96C00DEED99 /* Transfer_Tests.swift */ = {isa = PBXFileReference; fileEncoding = 4; lastKnownFileType = sourcecode.swift; path = Transfer_Tests.swift; sourceTree = "<group>"; };
		58E2D5B81E0A39AD0014F011 /* ModelEquatable.swift */ = {isa = PBXFileReference; fileEncoding = 4; lastKnownFileType = sourcecode.swift; path = ModelEquatable.swift; sourceTree = "<group>"; };
		58E2D5BA1E0A60300014F011 /* PrivateKey_Tests.swift */ = {isa = PBXFileReference; fileEncoding = 4; lastKnownFileType = sourcecode.swift; path = PrivateKey_Tests.swift; sourceTree = "<group>"; };
/* End PBXFileReference section */

/* Begin PBXFrameworksBuildPhase section */
		5865BD351E0250C200B25AB3 /* Frameworks */ = {
			isa = PBXFrameworksBuildPhase;
			buildActionMask = 2147483647;
			files = (
				5855915F1E125A760090D3C0 /* CocoaAsyncSocket.framework in Frameworks */,
				5855915D1E12532F0090D3C0 /* SwiftSocket.framework in Frameworks */,
				58C04F741E0E69AD0021A7D1 /* DNSServiceDiscovery.framework in Frameworks */,
				580B88E61E08D5F50018F6A5 /* TweetNaclSwift_iOS.framework in Frameworks */,
				580B88E41E08D5DE0018F6A5 /* BigInt.framework in Frameworks */,
				58124E4D1E04E0090044E30F /* CryptoSwift.framework in Frameworks */,
			);
			runOnlyForDeploymentPostprocessing = 0;
		};
		5865BD3F1E0250C200B25AB3 /* Frameworks */ = {
			isa = PBXFrameworksBuildPhase;
			buildActionMask = 2147483647;
			files = (
				5865BD431E0250C200B25AB3 /* BitmarkLib.framework in Frameworks */,
			);
			runOnlyForDeploymentPostprocessing = 0;
		};
		58C04F631E0E69170021A7D1 /* Frameworks */ = {
			isa = PBXFrameworksBuildPhase;
			buildActionMask = 2147483647;
			files = (
			);
			runOnlyForDeploymentPostprocessing = 0;
		};
/* End PBXFrameworksBuildPhase section */

/* Begin PBXGroup section */
		580B618F1E077DB4008BEBFF /* Extensions */ = {
			isa = PBXGroup;
			children = (
				580B61901E077DC5008BEBFF /* Data+Extension.swift */,
				580B61941E07CF16008BEBFF /* BigInt+Extension.swift */,
				580B88EB1E090FA80018F6A5 /* BitmarkError.swift */,
				58E2D5B81E0A39AD0014F011 /* ModelEquatable.swift */,
				584C23711E13C4B00047AC97 /* Array+Extension.swift */,
			);
			path = Extensions;
			sourceTree = "<group>";
		};
		581265581E0B703400D6DF32 /* Records */ = {
			isa = PBXGroup;
			children = (
				584C236F1E13B46D0047AC97 /* RPCTransformable.swift */,
				581265591E0B704800D6DF32 /* Asset.swift */,
				58E1631D1E0CB93400DEED99 /* Issue.swift */,
				58E1631F1E0CC66000DEED99 /* Transfer.swift */,
			);
			path = Records;
			sourceTree = "<group>";
		};
		5818FE291E0391C0007F082D /* Utils */ = {
			isa = PBXGroup;
			children = (
				58C20BEF1E1102260084B246 /* RPC */,
				58C04F5D1E0E53470021A7D1 /* DNSResolver */,
				5818FE2A1E0391CF007F082D /* Base58.swift */,
				5818FE331E039820007F082D /* Varint.swift */,
				5818FE391E03BDB6007F082D /* Common.swift */,
				580B88E71E08DFBB0018F6A5 /* Ed25519.swift */,
				5812655B1E0BAB2100D6DF32 /* BinaryPacking.swift */,
				5837980C1E15FD4100D136CF /* Job.swift */,
			);
			path = Utils;
			sourceTree = "<group>";
		};
		5865BD2F1E0250C200B25AB3 = {
			isa = PBXGroup;
			children = (
				5865BD3B1E0250C200B25AB3 /* BitmarkLib */,
				5865BD461E0250C200B25AB3 /* BitmarkLibTests */,
				58C04F681E0E69170021A7D1 /* DNSServiceDiscovery */,
				5865BD3A1E0250C200B25AB3 /* Products */,
				5865BD661E02762A00B25AB3 /* Frameworks */,
			);
			sourceTree = "<group>";
		};
		5865BD3A1E0250C200B25AB3 /* Products */ = {
			isa = PBXGroup;
			children = (
				5865BD391E0250C200B25AB3 /* BitmarkLib.framework */,
				5865BD421E0250C200B25AB3 /* BitmarkLibTests.xctest */,
				58C04F671E0E69170021A7D1 /* DNSServiceDiscovery.framework */,
			);
			name = Products;
			sourceTree = "<group>";
		};
		5865BD3B1E0250C200B25AB3 /* BitmarkLib */ = {
			isa = PBXGroup;
			children = (
				5865BD3C1E0250C200B25AB3 /* BitmarkLib.h */,
				580B618F1E077DB4008BEBFF /* Extensions */,
				5818FE291E0391C0007F082D /* Utils */,
				581265581E0B703400D6DF32 /* Records */,
				5865BD3D1E0250C200B25AB3 /* Info.plist */,
				5818FE351E03A64B007F082D /* Address.swift */,
				580B61921E07C917008BEBFF /* PrivateKey.swift */,
				5818FE371E03A840007F082D /* Config.swift */,
			);
			path = BitmarkLib;
			sourceTree = "<group>";
		};
		5865BD461E0250C200B25AB3 /* BitmarkLibTests */ = {
			isa = PBXGroup;
			children = (
				5865BD491E0250C200B25AB3 /* Info.plist */,
				580B88E91E090A120018F6A5 /* Address_Tests.swift */,
				58E2D5BA1E0A60300014F011 /* PrivateKey_Tests.swift */,
				5812655D1E0BC1BC00D6DF32 /* Asset_Tests.swift */,
				58E163211E0CDD9A00DEED99 /* Issue_Tests.swift */,
				58E163231E0CF96C00DEED99 /* Transfer_Tests.swift */,
				5869EC351E0F63E400DFE230 /* DNSResolve_Tests.swift */,
			);
			path = BitmarkLibTests;
			sourceTree = "<group>";
		};
		5865BD661E02762A00B25AB3 /* Frameworks */ = {
			isa = PBXGroup;
			children = (
				5855915E1E125A760090D3C0 /* CocoaAsyncSocket.framework */,
				5855915C1E12532F0090D3C0 /* SwiftSocket.framework */,
				5855915A1E1244030090D3C0 /* SwiftWebSocket.framework */,
				58C20BED1E1101F70084B246 /* Starscream.framework */,
				580B88E51E08D5F50018F6A5 /* TweetNaclSwift_iOS.framework */,
				580B88E31E08D5DE0018F6A5 /* BigInt.framework */,
				580B88E11E08D5C90018F6A5 /* SipHash.framework */,
				580B88DF1E08D5AB0018F6A5 /* TweetnaclSwift.framework */,
				580B88DD1E08D5560018F6A5 /* TweetNaclSwift_iOS.framework */,
				58124E4E1E04E00D0044E30F /* BigInt.framework */,
				58124E4C1E04E0090044E30F /* CryptoSwift.framework */,
				5818FE3B1E03C50D007F082D /* CryptoSwift.framework */,
				5818FE2C1E0391F5007F082D /* SwiftBase58.framework */,
				5818FE2D1E0391F5007F082D /* SwiftGMP.framework */,
				5865BD671E02762A00B25AB3 /* BigInt.framework */,
			);
			name = Frameworks;
			sourceTree = "<group>";
		};
		58C04F5D1E0E53470021A7D1 /* DNSResolver */ = {
			isa = PBXGroup;
			children = (
				582D59D01E0EB86600144ED5 /* Result.swift */,
				58C04F771E0E70110021A7D1 /* DNSResolver.swift */,
				58C04F791E0E70E00021A7D1 /* TxtRecord.swift */,
			);
			path = DNSResolver;
			sourceTree = "<group>";
		};
		58C04F681E0E69170021A7D1 /* DNSServiceDiscovery */ = {
			isa = PBXGroup;
			children = (
				58C04F701E0E692B0021A7D1 /* iphoneos.modulemap */,
				58C04F711E0E692B0021A7D1 /* iphonesimulator.modulemap */,
				58C04F721E0E692B0021A7D1 /* macosx.modulemap */,
				58C04F691E0E69170021A7D1 /* DNSServiceDiscovery.h */,
				58C04F6A1E0E69170021A7D1 /* Info.plist */,
			);
			path = DNSServiceDiscovery;
			sourceTree = "<group>";
		};
		58C20BEF1E1102260084B246 /* RPC */ = {
			isa = PBXGroup;
			children = (
				58C20BF21E1102360084B246 /* Connection.swift */,
				585591581E1226270090D3C0 /* Connection+SupportedMethods.swift */,
				58C20C151E1104620084B246 /* Pool.swift */,
				580BF47B1E14FA39003795E7 /* PollHelper.swift */,
				580BF47D1E14FB37003795E7 /* RPCNode.swift */,
			);
			path = RPC;
			sourceTree = "<group>";
		};
/* End PBXGroup section */

/* Begin PBXHeadersBuildPhase section */
		5865BD361E0250C200B25AB3 /* Headers */ = {
			isa = PBXHeadersBuildPhase;
			buildActionMask = 2147483647;
			files = (
				5865BD4A1E0250C200B25AB3 /* BitmarkLib.h in Headers */,
			);
			runOnlyForDeploymentPostprocessing = 0;
		};
		58C04F641E0E69170021A7D1 /* Headers */ = {
			isa = PBXHeadersBuildPhase;
			buildActionMask = 2147483647;
			files = (
				58C04F6B1E0E69170021A7D1 /* DNSServiceDiscovery.h in Headers */,
			);
			runOnlyForDeploymentPostprocessing = 0;
		};
/* End PBXHeadersBuildPhase section */

/* Begin PBXNativeTarget section */
		5865BD381E0250C200B25AB3 /* BitmarkLib */ = {
			isa = PBXNativeTarget;
			buildConfigurationList = 5865BD4D1E0250C200B25AB3 /* Build configuration list for PBXNativeTarget "BitmarkLib" */;
			buildPhases = (
				5865BD341E0250C200B25AB3 /* Sources */,
				5865BD351E0250C200B25AB3 /* Frameworks */,
				5865BD361E0250C200B25AB3 /* Headers */,
				5865BD371E0250C200B25AB3 /* Resources */,
			);
			buildRules = (
			);
			dependencies = (
			);
			name = BitmarkLib;
			productName = BitmarkLib;
			productReference = 5865BD391E0250C200B25AB3 /* BitmarkLib.framework */;
			productType = "com.apple.product-type.framework";
		};
		5865BD411E0250C200B25AB3 /* BitmarkLibTests */ = {
			isa = PBXNativeTarget;
			buildConfigurationList = 5865BD501E0250C200B25AB3 /* Build configuration list for PBXNativeTarget "BitmarkLibTests" */;
			buildPhases = (
				5865BD3E1E0250C200B25AB3 /* Sources */,
				5865BD3F1E0250C200B25AB3 /* Frameworks */,
				5865BD401E0250C200B25AB3 /* Resources */,
			);
			buildRules = (
			);
			dependencies = (
				5865BD451E0250C200B25AB3 /* PBXTargetDependency */,
			);
			name = BitmarkLibTests;
			productName = BitmarkLibTests;
			productReference = 5865BD421E0250C200B25AB3 /* BitmarkLibTests.xctest */;
			productType = "com.apple.product-type.bundle.unit-test";
		};
		58C04F661E0E69170021A7D1 /* DNSServiceDiscovery */ = {
			isa = PBXNativeTarget;
			buildConfigurationList = 58C04F6C1E0E69170021A7D1 /* Build configuration list for PBXNativeTarget "DNSServiceDiscovery" */;
			buildPhases = (
				58C04F621E0E69170021A7D1 /* Sources */,
				58C04F631E0E69170021A7D1 /* Frameworks */,
				58C04F641E0E69170021A7D1 /* Headers */,
				58C04F651E0E69170021A7D1 /* Resources */,
			);
			buildRules = (
			);
			dependencies = (
			);
			name = DNSServiceDiscovery;
			productName = DNSServiceDiscovery;
			productReference = 58C04F671E0E69170021A7D1 /* DNSServiceDiscovery.framework */;
			productType = "com.apple.product-type.framework";
		};
/* End PBXNativeTarget section */

/* Begin PBXProject section */
		5865BD301E0250C200B25AB3 /* Project object */ = {
			isa = PBXProject;
			attributes = {
				LastSwiftUpdateCheck = 0820;
				LastUpgradeCheck = 0820;
				ORGANIZATIONNAME = Bitmark;
				TargetAttributes = {
					5865BD381E0250C200B25AB3 = {
						CreatedOnToolsVersion = 8.2;
						LastSwiftMigration = 0820;
						ProvisioningStyle = Automatic;
					};
					5865BD411E0250C200B25AB3 = {
						CreatedOnToolsVersion = 8.2;
						ProvisioningStyle = Automatic;
					};
					58C04F661E0E69170021A7D1 = {
						CreatedOnToolsVersion = 8.2;
						ProvisioningStyle = Automatic;
					};
				};
			};
			buildConfigurationList = 5865BD331E0250C200B25AB3 /* Build configuration list for PBXProject "BitmarkLib" */;
			compatibilityVersion = "Xcode 3.2";
			developmentRegion = English;
			hasScannedForEncodings = 0;
			knownRegions = (
				en,
			);
			mainGroup = 5865BD2F1E0250C200B25AB3;
			productRefGroup = 5865BD3A1E0250C200B25AB3 /* Products */;
			projectDirPath = "";
			projectRoot = "";
			targets = (
				5865BD381E0250C200B25AB3 /* BitmarkLib */,
				5865BD411E0250C200B25AB3 /* BitmarkLibTests */,
				58C04F661E0E69170021A7D1 /* DNSServiceDiscovery */,
			);
		};
/* End PBXProject section */

/* Begin PBXResourcesBuildPhase section */
		5865BD371E0250C200B25AB3 /* Resources */ = {
			isa = PBXResourcesBuildPhase;
			buildActionMask = 2147483647;
			files = (
			);
			runOnlyForDeploymentPostprocessing = 0;
		};
		5865BD401E0250C200B25AB3 /* Resources */ = {
			isa = PBXResourcesBuildPhase;
			buildActionMask = 2147483647;
			files = (
			);
			runOnlyForDeploymentPostprocessing = 0;
		};
		58C04F651E0E69170021A7D1 /* Resources */ = {
			isa = PBXResourcesBuildPhase;
			buildActionMask = 2147483647;
			files = (
			);
			runOnlyForDeploymentPostprocessing = 0;
		};
/* End PBXResourcesBuildPhase section */

/* Begin PBXSourcesBuildPhase section */
		5865BD341E0250C200B25AB3 /* Sources */ = {
			isa = PBXSourcesBuildPhase;
			buildActionMask = 2147483647;
			files = (
				582D59D11E0EB86600144ED5 /* Result.swift in Sources */,
				580BF47E1E14FB37003795E7 /* RPCNode.swift in Sources */,
				585591591E1226270090D3C0 /* Connection+SupportedMethods.swift in Sources */,
				580BF47C1E14FA39003795E7 /* PollHelper.swift in Sources */,
				5818FE361E03A64B007F082D /* Address.swift in Sources */,
				58E163201E0CC66000DEED99 /* Transfer.swift in Sources */,
				58E1631E1E0CB93400DEED99 /* Issue.swift in Sources */,
				58C04F781E0E70110021A7D1 /* DNSResolver.swift in Sources */,
				5818FE381E03A840007F082D /* Config.swift in Sources */,
				580B88E81E08DFBB0018F6A5 /* Ed25519.swift in Sources */,
				58C20BF31E1102360084B246 /* Connection.swift in Sources */,
				584C23701E13B46D0047AC97 /* RPCTransformable.swift in Sources */,
				58E2D5B91E0A39AD0014F011 /* ModelEquatable.swift in Sources */,
				5818FE2B1E0391CF007F082D /* Base58.swift in Sources */,
				5818FE3A1E03BDB6007F082D /* Common.swift in Sources */,
				5812655A1E0B704800D6DF32 /* Asset.swift in Sources */,
				58C20C161E1104620084B246 /* Pool.swift in Sources */,
				5837980D1E15FD4100D136CF /* Job.swift in Sources */,
				584C23721E13C4B00047AC97 /* Array+Extension.swift in Sources */,
				5812655C1E0BAB2100D6DF32 /* BinaryPacking.swift in Sources */,
				5818FE341E039820007F082D /* Varint.swift in Sources */,
				580B61911E077DC5008BEBFF /* Data+Extension.swift in Sources */,
				580B61951E07CF16008BEBFF /* BigInt+Extension.swift in Sources */,
				580B61931E07C917008BEBFF /* PrivateKey.swift in Sources */,
				58C04F7A1E0E70E00021A7D1 /* TxtRecord.swift in Sources */,
				580B88EC1E090FA80018F6A5 /* BitmarkError.swift in Sources */,
			);
			runOnlyForDeploymentPostprocessing = 0;
		};
		5865BD3E1E0250C200B25AB3 /* Sources */ = {
			isa = PBXSourcesBuildPhase;
			buildActionMask = 2147483647;
			files = (
				580B88EA1E090A120018F6A5 /* Address_Tests.swift in Sources */,
				5812655E1E0BC1BC00D6DF32 /* Asset_Tests.swift in Sources */,
				5869EC361E0F63E400DFE230 /* DNSResolve_Tests.swift in Sources */,
				58E2D5BB1E0A60300014F011 /* PrivateKey_Tests.swift in Sources */,
				58E163241E0CF96C00DEED99 /* Transfer_Tests.swift in Sources */,
				58E163221E0CDD9A00DEED99 /* Issue_Tests.swift in Sources */,
			);
			runOnlyForDeploymentPostprocessing = 0;
		};
		58C04F621E0E69170021A7D1 /* Sources */ = {
			isa = PBXSourcesBuildPhase;
			buildActionMask = 2147483647;
			files = (
			);
			runOnlyForDeploymentPostprocessing = 0;
		};
/* End PBXSourcesBuildPhase section */

/* Begin PBXTargetDependency section */
		5865BD451E0250C200B25AB3 /* PBXTargetDependency */ = {
			isa = PBXTargetDependency;
			target = 5865BD381E0250C200B25AB3 /* BitmarkLib */;
			targetProxy = 5865BD441E0250C200B25AB3 /* PBXContainerItemProxy */;
		};
/* End PBXTargetDependency section */

/* Begin XCBuildConfiguration section */
		5865BD4B1E0250C200B25AB3 /* Debug */ = {
			isa = XCBuildConfiguration;
			buildSettings = {
				ALWAYS_SEARCH_USER_PATHS = NO;
				CLANG_ANALYZER_NONNULL = YES;
				CLANG_CXX_LANGUAGE_STANDARD = "gnu++0x";
				CLANG_CXX_LIBRARY = "libc++";
				CLANG_ENABLE_MODULES = YES;
				CLANG_ENABLE_OBJC_ARC = YES;
				CLANG_WARN_BOOL_CONVERSION = YES;
				CLANG_WARN_CONSTANT_CONVERSION = YES;
				CLANG_WARN_DIRECT_OBJC_ISA_USAGE = YES_ERROR;
				CLANG_WARN_DOCUMENTATION_COMMENTS = YES;
				CLANG_WARN_EMPTY_BODY = YES;
				CLANG_WARN_ENUM_CONVERSION = YES;
				CLANG_WARN_INFINITE_RECURSION = YES;
				CLANG_WARN_INT_CONVERSION = YES;
				CLANG_WARN_OBJC_ROOT_CLASS = YES_ERROR;
				CLANG_WARN_SUSPICIOUS_MOVE = YES;
				CLANG_WARN_UNREACHABLE_CODE = YES;
				CLANG_WARN__DUPLICATE_METHOD_MATCH = YES;
				"CODE_SIGN_IDENTITY[sdk=iphoneos*]" = "iPhone Developer";
				COPY_PHASE_STRIP = NO;
				CURRENT_PROJECT_VERSION = 1;
				DEBUG_INFORMATION_FORMAT = dwarf;
				ENABLE_STRICT_OBJC_MSGSEND = YES;
				ENABLE_TESTABILITY = YES;
				GCC_C_LANGUAGE_STANDARD = gnu99;
				GCC_DYNAMIC_NO_PIC = NO;
				GCC_NO_COMMON_BLOCKS = YES;
				GCC_OPTIMIZATION_LEVEL = 0;
				GCC_PREPROCESSOR_DEFINITIONS = (
					"DEBUG=1",
					"$(inherited)",
				);
				GCC_WARN_64_TO_32_BIT_CONVERSION = YES;
				GCC_WARN_ABOUT_RETURN_TYPE = YES_ERROR;
				GCC_WARN_UNDECLARED_SELECTOR = YES;
				GCC_WARN_UNINITIALIZED_AUTOS = YES_AGGRESSIVE;
				GCC_WARN_UNUSED_FUNCTION = YES;
				GCC_WARN_UNUSED_VARIABLE = YES;
				IPHONEOS_DEPLOYMENT_TARGET = 10.0;
				MTL_ENABLE_DEBUG_INFO = YES;
				ONLY_ACTIVE_ARCH = YES;
				SDKROOT = iphoneos;
				SWIFT_ACTIVE_COMPILATION_CONDITIONS = DEBUG;
				SWIFT_OPTIMIZATION_LEVEL = "-Onone";
				TARGETED_DEVICE_FAMILY = "1,2";
				VERSIONING_SYSTEM = "apple-generic";
				VERSION_INFO_PREFIX = "";
			};
			name = Debug;
		};
		5865BD4C1E0250C200B25AB3 /* Release */ = {
			isa = XCBuildConfiguration;
			buildSettings = {
				ALWAYS_SEARCH_USER_PATHS = NO;
				CLANG_ANALYZER_NONNULL = YES;
				CLANG_CXX_LANGUAGE_STANDARD = "gnu++0x";
				CLANG_CXX_LIBRARY = "libc++";
				CLANG_ENABLE_MODULES = YES;
				CLANG_ENABLE_OBJC_ARC = YES;
				CLANG_WARN_BOOL_CONVERSION = YES;
				CLANG_WARN_CONSTANT_CONVERSION = YES;
				CLANG_WARN_DIRECT_OBJC_ISA_USAGE = YES_ERROR;
				CLANG_WARN_DOCUMENTATION_COMMENTS = YES;
				CLANG_WARN_EMPTY_BODY = YES;
				CLANG_WARN_ENUM_CONVERSION = YES;
				CLANG_WARN_INFINITE_RECURSION = YES;
				CLANG_WARN_INT_CONVERSION = YES;
				CLANG_WARN_OBJC_ROOT_CLASS = YES_ERROR;
				CLANG_WARN_SUSPICIOUS_MOVE = YES;
				CLANG_WARN_UNREACHABLE_CODE = YES;
				CLANG_WARN__DUPLICATE_METHOD_MATCH = YES;
				"CODE_SIGN_IDENTITY[sdk=iphoneos*]" = "iPhone Developer";
				COPY_PHASE_STRIP = NO;
				CURRENT_PROJECT_VERSION = 1;
				DEBUG_INFORMATION_FORMAT = "dwarf-with-dsym";
				ENABLE_NS_ASSERTIONS = NO;
				ENABLE_STRICT_OBJC_MSGSEND = YES;
				GCC_C_LANGUAGE_STANDARD = gnu99;
				GCC_NO_COMMON_BLOCKS = YES;
				GCC_WARN_64_TO_32_BIT_CONVERSION = YES;
				GCC_WARN_ABOUT_RETURN_TYPE = YES_ERROR;
				GCC_WARN_UNDECLARED_SELECTOR = YES;
				GCC_WARN_UNINITIALIZED_AUTOS = YES_AGGRESSIVE;
				GCC_WARN_UNUSED_FUNCTION = YES;
				GCC_WARN_UNUSED_VARIABLE = YES;
				IPHONEOS_DEPLOYMENT_TARGET = 10.0;
				MTL_ENABLE_DEBUG_INFO = NO;
				SDKROOT = iphoneos;
				SWIFT_OPTIMIZATION_LEVEL = "-Owholemodule";
				TARGETED_DEVICE_FAMILY = "1,2";
				VALIDATE_PRODUCT = YES;
				VERSIONING_SYSTEM = "apple-generic";
				VERSION_INFO_PREFIX = "";
			};
			name = Release;
		};
		5865BD4E1E0250C200B25AB3 /* Debug */ = {
			isa = XCBuildConfiguration;
			buildSettings = {
				CLANG_ENABLE_MODULES = YES;
				CODE_SIGN_IDENTITY = "";
				DEFINES_MODULE = YES;
				DYLIB_COMPATIBILITY_VERSION = 1;
				DYLIB_CURRENT_VERSION = 1;
				DYLIB_INSTALL_NAME_BASE = "@rpath";
				FRAMEWORK_SEARCH_PATHS = (
					"$(inherited)",
					"$(PROJECT_DIR)/Carthage/Checkouts/SwiftBase58/build/Debug",
					"$(PROJECT_DIR)/Carthage/Checkouts/SwiftGMP/build/Debug",
					"$(PROJECT_DIR)/Carthage/Checkouts/CryptoSwift/build/Debug",
					"$(PROJECT_DIR)/Carthage/Checkouts/tweetnacl-swiftwrap/build/Debug-iphoneos",
					"$(PROJECT_DIR)/Carthage/Checkouts/tweetnacl-swiftwrap/build/Debug",
					"$(PROJECT_DIR)/Carthage/Checkouts/Starscream/build/Debug-iphoneos",
					"$(PROJECT_DIR)/Carthage/Checkouts/SwiftWebSocket/build/Debug-iphoneos",
					"$(PROJECT_DIR)/Carthage/Checkouts/SwiftSocket/build/Debug-iphoneos",
					"$(PROJECT_DIR)/Carthage/Checkouts/CocoaAsyncSocket/build/Debug-iphoneos",
				);
				INFOPLIST_FILE = BitmarkLib/Info.plist;
				INSTALL_PATH = "$(LOCAL_LIBRARY_DIR)/Frameworks";
				LD_RUNPATH_SEARCH_PATHS = "$(inherited) @executable_path/Frameworks @loader_path/Frameworks";
				PRODUCT_BUNDLE_IDENTIFIER = com.bitmark.BitmarkLib;
				PRODUCT_NAME = "$(TARGET_NAME)";
				SKIP_INSTALL = YES;
				SWIFT_OPTIMIZATION_LEVEL = "-Onone";
				SWIFT_VERSION = 3.0;
			};
			name = Debug;
		};
		5865BD4F1E0250C200B25AB3 /* Release */ = {
			isa = XCBuildConfiguration;
			buildSettings = {
				CLANG_ENABLE_MODULES = YES;
				CODE_SIGN_IDENTITY = "";
				DEFINES_MODULE = YES;
				DYLIB_COMPATIBILITY_VERSION = 1;
				DYLIB_CURRENT_VERSION = 1;
				DYLIB_INSTALL_NAME_BASE = "@rpath";
				FRAMEWORK_SEARCH_PATHS = (
					"$(inherited)",
					"$(PROJECT_DIR)/Carthage/Checkouts/SwiftBase58/build/Debug",
					"$(PROJECT_DIR)/Carthage/Checkouts/SwiftGMP/build/Debug",
					"$(PROJECT_DIR)/Carthage/Checkouts/CryptoSwift/build/Debug",
					"$(PROJECT_DIR)/Carthage/Checkouts/tweetnacl-swiftwrap/build/Debug-iphoneos",
					"$(PROJECT_DIR)/Carthage/Checkouts/tweetnacl-swiftwrap/build/Debug",
					"$(PROJECT_DIR)/Carthage/Checkouts/Starscream/build/Debug-iphoneos",
					"$(PROJECT_DIR)/Carthage/Checkouts/SwiftWebSocket/build/Debug-iphoneos",
					"$(PROJECT_DIR)/Carthage/Checkouts/SwiftSocket/build/Debug-iphoneos",
					"$(PROJECT_DIR)/Carthage/Checkouts/CocoaAsyncSocket/build/Debug-iphoneos",
				);
				INFOPLIST_FILE = BitmarkLib/Info.plist;
				INSTALL_PATH = "$(LOCAL_LIBRARY_DIR)/Frameworks";
				LD_RUNPATH_SEARCH_PATHS = "$(inherited) @executable_path/Frameworks @loader_path/Frameworks";
				PRODUCT_BUNDLE_IDENTIFIER = com.bitmark.BitmarkLib;
				PRODUCT_NAME = "$(TARGET_NAME)";
				SKIP_INSTALL = YES;
				SWIFT_VERSION = 3.0;
			};
			name = Release;
		};
		5865BD511E0250C200B25AB3 /* Debug */ = {
			isa = XCBuildConfiguration;
			buildSettings = {
				ALWAYS_EMBED_SWIFT_STANDARD_LIBRARIES = YES;
				INFOPLIST_FILE = BitmarkLibTests/Info.plist;
				LD_RUNPATH_SEARCH_PATHS = "$(inherited) @executable_path/Frameworks @loader_path/Frameworks";
				PRODUCT_BUNDLE_IDENTIFIER = com.bitmark.BitmarkLibTests;
				PRODUCT_NAME = "$(TARGET_NAME)";
				SWIFT_VERSION = 3.0;
			};
			name = Debug;
		};
		5865BD521E0250C200B25AB3 /* Release */ = {
			isa = XCBuildConfiguration;
			buildSettings = {
				ALWAYS_EMBED_SWIFT_STANDARD_LIBRARIES = YES;
				INFOPLIST_FILE = BitmarkLibTests/Info.plist;
				LD_RUNPATH_SEARCH_PATHS = "$(inherited) @executable_path/Frameworks @loader_path/Frameworks";
				PRODUCT_BUNDLE_IDENTIFIER = com.bitmark.BitmarkLibTests;
				PRODUCT_NAME = "$(TARGET_NAME)";
				SWIFT_VERSION = 3.0;
			};
			name = Release;
		};
		58C04F6D1E0E69170021A7D1 /* Debug */ = {
			isa = XCBuildConfiguration;
			buildSettings = {
				APPLICATION_EXTENSION_API_ONLY = YES;
				CODE_SIGN_IDENTITY = "";
				DEFINES_MODULE = YES;
				DYLIB_COMPATIBILITY_VERSION = 1;
				DYLIB_CURRENT_VERSION = 1;
				DYLIB_INSTALL_NAME_BASE = "@rpath";
				INFOPLIST_FILE = DNSServiceDiscovery/Info.plist;
				INSTALL_PATH = "$(LOCAL_LIBRARY_DIR)/Frameworks";
				IPHONEOS_DEPLOYMENT_TARGET = 9.1;
				LD_RUNPATH_SEARCH_PATHS = "$(inherited) @executable_path/Frameworks @loader_path/Frameworks";
				"MODULEMAP_FILE[sdk=iphoneos*]" = "$(SRCROOT)/DNSServiceDiscovery/iphoneos.modulemap";
				"MODULEMAP_FILE[sdk=iphonesimulator*]" = "$(SRCROOT)/DNSServiceDiscovery/iphonesimulator.modulemap";
				"MODULEMAP_FILE[sdk=macosx*]" = "$(SRCROOT)/DNSServiceDiscovery/macosx.modulemap";
				PRODUCT_BUNDLE_IDENTIFIER = com.bitmark.DNSServiceDiscovery;
				PRODUCT_NAME = "$(TARGET_NAME)";
				SKIP_INSTALL = YES;
				SWIFT_VERSION = 3.0;
			};
			name = Debug;
		};
		58C04F6E1E0E69170021A7D1 /* Release */ = {
			isa = XCBuildConfiguration;
			buildSettings = {
				APPLICATION_EXTENSION_API_ONLY = YES;
				CODE_SIGN_IDENTITY = "";
				DEFINES_MODULE = YES;
				DYLIB_COMPATIBILITY_VERSION = 1;
				DYLIB_CURRENT_VERSION = 1;
				DYLIB_INSTALL_NAME_BASE = "@rpath";
				INFOPLIST_FILE = DNSServiceDiscovery/Info.plist;
				INSTALL_PATH = "$(LOCAL_LIBRARY_DIR)/Frameworks";
				IPHONEOS_DEPLOYMENT_TARGET = 9.1;
				LD_RUNPATH_SEARCH_PATHS = "$(inherited) @executable_path/Frameworks @loader_path/Frameworks";
				"MODULEMAP_FILE[sdk=iphoneos*]" = "$(SRCROOT)/DNSServiceDiscovery/iphoneos.modulemap";
				"MODULEMAP_FILE[sdk=iphonesimulator*]" = "$(SRCROOT)/DNSServiceDiscovery/iphonesimulator.modulemap";
				"MODULEMAP_FILE[sdk=macosx*]" = "$(SRCROOT)/DNSServiceDiscovery/macosx.modulemap";
				PRODUCT_BUNDLE_IDENTIFIER = com.bitmark.DNSServiceDiscovery;
				PRODUCT_NAME = "$(TARGET_NAME)";
				SKIP_INSTALL = YES;
				SWIFT_VERSION = 3.0;
			};
			name = Release;
		};
/* End XCBuildConfiguration section */

/* Begin XCConfigurationList section */
		5865BD331E0250C200B25AB3 /* Build configuration list for PBXProject "BitmarkLib" */ = {
			isa = XCConfigurationList;
			buildConfigurations = (
				5865BD4B1E0250C200B25AB3 /* Debug */,
				5865BD4C1E0250C200B25AB3 /* Release */,
			);
			defaultConfigurationIsVisible = 0;
			defaultConfigurationName = Release;
		};
		5865BD4D1E0250C200B25AB3 /* Build configuration list for PBXNativeTarget "BitmarkLib" */ = {
			isa = XCConfigurationList;
			buildConfigurations = (
				5865BD4E1E0250C200B25AB3 /* Debug */,
				5865BD4F1E0250C200B25AB3 /* Release */,
			);
			defaultConfigurationIsVisible = 0;
			defaultConfigurationName = Release;
		};
		5865BD501E0250C200B25AB3 /* Build configuration list for PBXNativeTarget "BitmarkLibTests" */ = {
			isa = XCConfigurationList;
			buildConfigurations = (
				5865BD511E0250C200B25AB3 /* Debug */,
				5865BD521E0250C200B25AB3 /* Release */,
			);
			defaultConfigurationIsVisible = 0;
			defaultConfigurationName = Release;
		};
		58C04F6C1E0E69170021A7D1 /* Build configuration list for PBXNativeTarget "DNSServiceDiscovery" */ = {
			isa = XCConfigurationList;
			buildConfigurations = (
				58C04F6D1E0E69170021A7D1 /* Debug */,
				58C04F6E1E0E69170021A7D1 /* Release */,
			);
			defaultConfigurationIsVisible = 0;
			defaultConfigurationName = Release;
		};
/* End XCConfigurationList section */
	};
	rootObject = 5865BD301E0250C200B25AB3 /* Project object */;
}
